{
  "requires": true,
  "lockfileVersion": 1,
  "dependencies": {
    "ccxt": {
      "version": "1.49.66",
      "resolved": "https://registry.npmjs.org/ccxt/-/ccxt-1.49.66.tgz",
      "integrity": "sha512-43gmnujD5s39jGL4A3+TtwnntJPnPfXeOqgHlvBvZHaZkx3aqOKTibeXXs3HIWcxdq8ZPW/Bp2YxJa2AUb0eHg=="
    }
  }
}
